
Microsoft Visual Studio Solution File, Format Version 12.00
# Visual Studio Version 16
VisualStudioVersion = 16.0.31702.278
MinimumVisualStudioVersion = 10.0.40219.1
Project("{2150E333-8FDC-42A3-9474-1A3956D46DE8}") = "Services", "Services", "{93F68DC5-79EC-4A22-A8BE-00EA9874B358}"
EndProject
Project("{9A19103F-16F7-4668-BE54-9A1E7A4F7556}") = "FeastCoreService", "Services\FeastCoreService.csproj", "{4AE13DCF-F04B-4163-A185-72CFD20F76B4}"
EndProject
Project("{2150E333-8FDC-42A3-9474-1A3956D46DE8}") = "Utils", "Utils", "{02D18BFF-E0E9-4A4B-B2FE-81F8AB65BA62}"
EndProject
Project("{9A19103F-16F7-4668-BE54-9A1E7A4F7556}") = "Utils", "Utils\Utils.csproj", "{FA6BA1FB-2733-4B87-85DC-F57E2878A270}"
EndProject
Project("{2150E333-8FDC-42A3-9474-1A3956D46DE8}") = "Data", "Data", "{F4BF2300-07A2-404E-A6F7-E6A7D2A33850}"
EndProject
Project("{9A19103F-16F7-4668-BE54-9A1E7A4F7556}") = "Data", "Data\Data.csproj", "{1D9985C4-A569-4976-9A31-3FE45D98D6AD}"
EndProject
Project("{2150E333-8FDC-42A3-9474-1A3956D46DE8}") = "Proto", "Proto", "{48F62C48-9AFD-415A-8ED4-1784E955FAF3}"
EndProject
Project("{9A19103F-16F7-4668-BE54-9A1E7A4F7556}") = "Proto", "Proto\Proto.csproj", "{0D3D8C31-7D48-47D2-9161-F803933BD648}"
EndProject
Project("{2150E333-8FDC-42A3-9474-1A3956D46DE8}") = "Clients", "Clients", "{D789A005-BC02-4611-BA22-0D3EA5554ACC}"
EndProject
Project("{2150E333-8FDC-42A3-9474-1A3956D46DE8}") = "RBAC", "RBAC", "{B26F9679-D400-4979-8867-A4749F944573}"
EndProject
Project("{9A19103F-16F7-4668-BE54-9A1E7A4F7556}") = "RBACClient", "Clients\RBAC\RBACClient.csproj", "{52F5951A-F49E-4985-93BB-7931F19F68BA}"
EndProject
Project("{2150E333-8FDC-42A3-9474-1A3956D46DE8}") = "FeastCore", "FeastCore", "{443BF909-B868-4EA5-8A3B-B54FC609E9BE}"
EndProject
Project("{9A19103F-16F7-4668-BE54-9A1E7A4F7556}") = "FeastCoreClient", "Clients\FeastCore\FeastCoreClient.csproj", "{3537D6DD-A726-4DD6-AF20-3EC141BB220D}"
EndProject
Global
	GlobalSection(SolutionConfigurationPlatforms) = preSolution
		Debug|Any CPU = Debug|Any CPU
		Release|Any CPU = Release|Any CPU
	EndGlobalSection
	GlobalSection(ProjectConfigurationPlatforms) = postSolution
		{4AE13DCF-F04B-4163-A185-72CFD20F76B4}.Debug|Any CPU.ActiveCfg = Debug|Any CPU
		{4AE13DCF-F04B-4163-A185-72CFD20F76B4}.Debug|Any CPU.Build.0 = Debug|Any CPU
		{4AE13DCF-F04B-4163-A185-72CFD20F76B4}.Release|Any CPU.ActiveCfg = Release|Any CPU
		{4AE13DCF-F04B-4163-A185-72CFD20F76B4}.Release|Any CPU.Build.0 = Release|Any CPU
		{FA6BA1FB-2733-4B87-85DC-F57E2878A270}.Debug|Any CPU.ActiveCfg = Debug|Any CPU
		{FA6BA1FB-2733-4B87-85DC-F57E2878A270}.Debug|Any CPU.Build.0 = Debug|Any CPU
		{FA6BA1FB-2733-4B87-85DC-F57E2878A270}.Release|Any CPU.ActiveCfg = Release|Any CPU
		{FA6BA1FB-2733-4B87-85DC-F57E2878A270}.Release|Any CPU.Build.0 = Release|Any CPU
		{1D9985C4-A569-4976-9A31-3FE45D98D6AD}.Debug|Any CPU.ActiveCfg = Debug|Any CPU
		{1D9985C4-A569-4976-9A31-3FE45D98D6AD}.Debug|Any CPU.Build.0 = Debug|Any CPU
		{1D9985C4-A569-4976-9A31-3FE45D98D6AD}.Release|Any CPU.ActiveCfg = Release|Any CPU
		{1D9985C4-A569-4976-9A31-3FE45D98D6AD}.Release|Any CPU.Build.0 = Release|Any CPU
		{0D3D8C31-7D48-47D2-9161-F803933BD648}.Debug|Any CPU.ActiveCfg = Debug|Any CPU
		{0D3D8C31-7D48-47D2-9161-F803933BD648}.Debug|Any CPU.Build.0 = Debug|Any CPU
		{0D3D8C31-7D48-47D2-9161-F803933BD648}.Release|Any CPU.ActiveCfg = Release|Any CPU
		{0D3D8C31-7D48-47D2-9161-F803933BD648}.Release|Any CPU.Build.0 = Release|Any CPU
		{52F5951A-F49E-4985-93BB-7931F19F68BA}.Debug|Any CPU.ActiveCfg = Debug|Any CPU
		{52F5951A-F49E-4985-93BB-7931F19F68BA}.Debug|Any CPU.Build.0 = Debug|Any CPU
		{52F5951A-F49E-4985-93BB-7931F19F68BA}.Release|Any CPU.ActiveCfg = Release|Any CPU
		{52F5951A-F49E-4985-93BB-7931F19F68BA}.Release|Any CPU.Build.0 = Release|Any CPU
		{3537D6DD-A726-4DD6-AF20-3EC141BB220D}.Debug|Any CPU.ActiveCfg = Debug|Any CPU
		{3537D6DD-A726-4DD6-AF20-3EC141BB220D}.Debug|Any CPU.Build.0 = Debug|Any CPU
		{3537D6DD-A726-4DD6-AF20-3EC141BB220D}.Release|Any CPU.ActiveCfg = Release|Any CPU
		{3537D6DD-A726-4DD6-AF20-3EC141BB220D}.Release|Any CPU.Build.0 = Release|Any CPU
	EndGlobalSection
	GlobalSection(SolutionProperties) = preSolution
		HideSolutionNode = FALSE
	EndGlobalSection
	GlobalSection(NestedProjects) = preSolution
		{4AE13DCF-F04B-4163-A185-72CFD20F76B4} = {93F68DC5-79EC-4A22-A8BE-00EA9874B358}
		{FA6BA1FB-2733-4B87-85DC-F57E2878A270} = {02D18BFF-E0E9-4A4B-B2FE-81F8AB65BA62}
		{1D9985C4-A569-4976-9A31-3FE45D98D6AD} = {F4BF2300-07A2-404E-A6F7-E6A7D2A33850}
		{0D3D8C31-7D48-47D2-9161-F803933BD648} = {48F62C48-9AFD-415A-8ED4-1784E955FAF3}
		{B26F9679-D400-4979-8867-A4749F944573} = {D789A005-BC02-4611-BA22-0D3EA5554ACC}
		{52F5951A-F49E-4985-93BB-7931F19F68BA} = {B26F9679-D400-4979-8867-A4749F944573}
		{443BF909-B868-4EA5-8A3B-B54FC609E9BE} = {D789A005-BC02-4611-BA22-0D3EA5554ACC}
		{3537D6DD-A726-4DD6-AF20-3EC141BB220D} = {443BF909-B868-4EA5-8A3B-B54FC609E9BE}
	EndGlobalSection
	GlobalSection(ExtensibilityGlobals) = postSolution
		SolutionGuid = {30181105-57C6-44A5-AC1C-BB18EF596A38}
	EndGlobalSection
EndGlobal
